
Microsoft Visual Studio Solution File, Format Version 12.00
# Visual Studio Version 16
VisualStudioVersion = 16.0.31424.327
MinimumVisualStudioVersion = 10.0.40219.1
Project("{FAE04EC0-301F-11D3-BF4B-00C04F79EFBC}") = "CAStack", "CAStack\CAStack.csproj", "{8D6C8F4A-2E68-4E41-AC37-0DA97ADBD88B}"
EndProject
Project("{FAE04EC0-301F-11D3-BF4B-00C04F79EFBC}") = "CAQueue", "CAQueue\CAQueue.csproj", "{56D6B433-FB15-4757-92DF-B749FD4A4045}"
EndProject
Global
	GlobalSection(SolutionConfigurationPlatforms) = preSolution
		Debug|Any CPU = Debug|Any CPU
		Release|Any CPU = Release|Any CPU
	EndGlobalSection
	GlobalSection(ProjectConfigurationPlatforms) = postSolution
		{8D6C8F4A-2E68-4E41-AC37-0DA97ADBD88B}.Debug|Any CPU.ActiveCfg = Debug|Any CPU
		{8D6C8F4A-2E68-4E41-AC37-0DA97ADBD88B}.Debug|Any CPU.Build.0 = Debug|Any CPU
		{8D6C8F4A-2E68-4E41-AC37-0DA97ADBD88B}.Release|Any CPU.ActiveCfg = Release|Any CPU
		{8D6C8F4A-2E68-4E41-AC37-0DA97ADBD88B}.Release|Any CPU.Build.0 = Release|Any CPU
		{56D6B433-FB15-4757-92DF-B749FD4A4045}.Debug|Any CPU.ActiveCfg = Debug|Any CPU
		{56D6B433-FB15-4757-92DF-B749FD4A4045}.Debug|Any CPU.Build.0 = Debug|Any CPU
		{56D6B433-FB15-4757-92DF-B749FD4A4045}.Release|Any CPU.ActiveCfg = Release|Any CPU
		{56D6B433-FB15-4757-92DF-B749FD4A4045}.Release|Any CPU.Build.0 = Release|Any CPU
	EndGlobalSection
	GlobalSection(SolutionProperties) = preSolution
		HideSolutionNode = FALSE
	EndGlobalSection
	GlobalSection(ExtensibilityGlobals) = postSolution
		SolutionGuid = {5C038C90-90B1-4C24-841B-52093A6E1432}
	EndGlobalSection
EndGlobal
